
Microsoft Visual Studio Solution File, Format Version 12.00
# Visual Studio 15
VisualStudioVersion = 15.0.27428.2027
MinimumVisualStudioVersion = 10.0.40219.1
Project("{FAE04EC0-301F-11D3-BF4B-00C04F79EFBC}") = "CIS501SemesterScheduler", "CIS501SemesterScheduler\CIS501SemesterScheduler.csproj", "{B9B94304-2B74-415C-9969-D8DD522CA9CA}"
EndProject
Global
	GlobalSection(SolutionConfigurationPlatforms) = preSolution
		Debug|Any CPU = Debug|Any CPU
		Release|Any CPU = Release|Any CPU
	EndGlobalSection
	GlobalSection(ProjectConfigurationPlatforms) = postSolution
		{B9B94304-2B74-415C-9969-D8DD522CA9CA}.Debug|Any CPU.ActiveCfg = Debug|Any CPU
		{B9B94304-2B74-415C-9969-D8DD522CA9CA}.Debug|Any CPU.Build.0 = Debug|Any CPU
		{B9B94304-2B74-415C-9969-D8DD522CA9CA}.Release|Any CPU.ActiveCfg = Release|Any CPU
		{B9B94304-2B74-415C-9969-D8DD522CA9CA}.Release|Any CPU.Build.0 = Release|Any CPU
	EndGlobalSection
	GlobalSection(SolutionProperties) = preSolution
		HideSolutionNode = FALSE
	EndGlobalSection
	GlobalSection(ExtensibilityGlobals) = postSolution
		SolutionGuid = {FFE74EC4-4556-4A8E-A329-38839B557F5B}
	EndGlobalSection
EndGlobal
